
Microsoft Visual Studio Solution File, Format Version 12.00
# Visual Studio Version 17
VisualStudioVersion = 17.11.35327.3
MinimumVisualStudioVersion = 10.0.40219.1
Project("{FAE04EC0-301F-11D3-BF4B-00C04F79EFBC}") = "bank_manegement_System", "bank_manegement_System\bank_manegement_System.csproj", "{BC53AE03-F49B-4DD1-B757-F1583A0D49C6}"
EndProject
Global
	GlobalSection(SolutionConfigurationPlatforms) = preSolution
		Debug|Any CPU = Debug|Any CPU
		Release|Any CPU = Release|Any CPU
	EndGlobalSection
	GlobalSection(ProjectConfigurationPlatforms) = postSolution
		{BC53AE03-F49B-4DD1-B757-F1583A0D49C6}.Debug|Any CPU.ActiveCfg = Debug|Any CPU
		{BC53AE03-F49B-4DD1-B757-F1583A0D49C6}.Debug|Any CPU.Build.0 = Debug|Any CPU
		{BC53AE03-F49B-4DD1-B757-F1583A0D49C6}.Release|Any CPU.ActiveCfg = Release|Any CPU
		{BC53AE03-F49B-4DD1-B757-F1583A0D49C6}.Release|Any CPU.Build.0 = Release|Any CPU
	EndGlobalSection
	GlobalSection(SolutionProperties) = preSolution
		HideSolutionNode = FALSE
	EndGlobalSection
	GlobalSection(ExtensibilityGlobals) = postSolution
		SolutionGuid = {043C34B9-C6B1-4DDE-9474-9B64B828DFCC}
	EndGlobalSection
EndGlobal
